{
  "name": "smartT-back",
  "lockfileVersion": 3,
  "requires": true,
  "packages": {
    "": {
      "dependencies": {
        "together": "^0.0.11"
      }
    },
    "node_modules/together": {
      "version": "0.0.11",
      "resolved": "https://registry.npmjs.org/together/-/together-0.0.11.tgz",
      "integrity": "sha512-7Nrw1ez6PwKFmfjOrhJYairjU+bP7P7jD28SFTH8511EZUFP4h65oExo2yH6SQUnkPt4UvG+eKkLpoWBvwaMHQ==",
      "license": "MIT"
    }
  }
}
